
Microsoft Visual Studio Solution File, Format Version 12.00
# Visual Studio 15
VisualStudioVersion = 15.0.26403.7
MinimumVisualStudioVersion = 10.0.40219.1
Project("{FAE04EC0-301F-11D3-BF4B-00C04F79EFBC}") = "QuanLyHSGV", "QuanLyHSGV\QuanLyHSGV.csproj", "{B3172A02-6FF2-415E-99D2-1FFAC9B20653}"
EndProject
Global
	GlobalSection(SolutionConfigurationPlatforms) = preSolution
		Debug|Any CPU = Debug|Any CPU
		Release|Any CPU = Release|Any CPU
	EndGlobalSection
	GlobalSection(ProjectConfigurationPlatforms) = postSolution
		{B3172A02-6FF2-415E-99D2-1FFAC9B20653}.Debug|Any CPU.ActiveCfg = Debug|Any CPU
		{B3172A02-6FF2-415E-99D2-1FFAC9B20653}.Debug|Any CPU.Build.0 = Debug|Any CPU
		{B3172A02-6FF2-415E-99D2-1FFAC9B20653}.Release|Any CPU.ActiveCfg = Release|Any CPU
		{B3172A02-6FF2-415E-99D2-1FFAC9B20653}.Release|Any CPU.Build.0 = Release|Any CPU
	EndGlobalSection
	GlobalSection(SolutionProperties) = preSolution
		HideSolutionNode = FALSE
	EndGlobalSection
	GlobalSection(ExtensibilityGlobals) = postSolution
		SolutionGuid = {98A7E72E-3B96-4CB5-ACDE-049271CD581E}
	EndGlobalSection
EndGlobal
